
Microsoft Visual Studio Solution File, Format Version 12.00
# Visual Studio Version 16
VisualStudioVersion = 16.0.30711.63
MinimumVisualStudioVersion = 10.0.40219.1
Project("{2150E333-8FDC-42A3-9474-1A3956D46DE8}") = "Solution Items", "Solution Items", "{A6D8895B-AD85-4160-A082-039DB8766CC9}"
	ProjectSection(SolutionItems) = preProject
		.editorconfig = .editorconfig
	EndProjectSection
EndProject
Project("{2150E333-8FDC-42A3-9474-1A3956D46DE8}") = "HoaryFox", "HoaryFox", "{B4279383-2C6A-4302-BA63-68D496644360}"
EndProject
Project("{9A19103F-16F7-4668-BE54-9A1E7A4F7556}") = "HoaryFoxCommon", "HoaryFox\Common\HoaryFoxCommon.csproj", "{5BDAF6C4-1471-4C20-B3EF-52E07023D63D}"
EndProject
Project("{9A19103F-16F7-4668-BE54-9A1E7A4F7556}") = "HoaryFoxRH6", "HoaryFox\Rhino6\HoaryFoxRH6.csproj", "{A583EA84-5964-4BBA-9DC8-55E620233807}"
	ProjectSection(ProjectDependencies) = postProject
		{5BDAF6C4-1471-4C20-B3EF-52E07023D63D} = {5BDAF6C4-1471-4C20-B3EF-52E07023D63D}
	EndProjectSection
EndProject
Project("{9A19103F-16F7-4668-BE54-9A1E7A4F7556}") = "HoaryFoxRH7", "HoaryFox\Rhino7\HoaryFoxRH7.csproj", "{6E000875-7563-4983-A64D-F270D3EC2A17}"
	ProjectSection(ProjectDependencies) = postProject
		{5BDAF6C4-1471-4C20-B3EF-52E07023D63D} = {5BDAF6C4-1471-4C20-B3EF-52E07023D63D}
	EndProjectSection
EndProject
Project("{2150E333-8FDC-42A3-9474-1A3956D46DE8}") = "KarambaConnect", "KarambaConnect", "{C00C1886-E284-41C6-ACC4-76BC225C9178}"
EndProject
Project("{9A19103F-16F7-4668-BE54-9A1E7A4F7556}") = "KarambaConnectCommon", "KarambaConnect\Common\KarambaConnectCommon.csproj", "{E6241903-54B8-42A9-BD55-052F1D1B35FD}"
EndProject
Project("{9A19103F-16F7-4668-BE54-9A1E7A4F7556}") = "karambaConnectRH7K1", "KarambaConnect\RH7_K1\karambaConnectRH7K1.csproj", "{CE8BFA92-E7F4-48DD-A548-9569ED587A51}"
EndProject
Project("{9A19103F-16F7-4668-BE54-9A1E7A4F7556}") = "karambaConnectRH7K2", "KarambaConnect\RH7_K2\karambaConnectRH7K2.csproj", "{98FB69EA-C92D-443A-9649-ADF837BC6AB2}"
EndProject
Global
	GlobalSection(SolutionConfigurationPlatforms) = preSolution
		Debug|Any CPU = Debug|Any CPU
		Release|Any CPU = Release|Any CPU
	EndGlobalSection
	GlobalSection(ProjectConfigurationPlatforms) = postSolution
		{5BDAF6C4-1471-4C20-B3EF-52E07023D63D}.Debug|Any CPU.ActiveCfg = Debug|Any CPU
		{5BDAF6C4-1471-4C20-B3EF-52E07023D63D}.Debug|Any CPU.Build.0 = Debug|Any CPU
		{5BDAF6C4-1471-4C20-B3EF-52E07023D63D}.Release|Any CPU.ActiveCfg = Release|Any CPU
		{5BDAF6C4-1471-4C20-B3EF-52E07023D63D}.Release|Any CPU.Build.0 = Release|Any CPU
		{A583EA84-5964-4BBA-9DC8-55E620233807}.Debug|Any CPU.ActiveCfg = Debug|Any CPU
		{A583EA84-5964-4BBA-9DC8-55E620233807}.Debug|Any CPU.Build.0 = Debug|Any CPU
		{A583EA84-5964-4BBA-9DC8-55E620233807}.Release|Any CPU.ActiveCfg = Release|Any CPU
		{A583EA84-5964-4BBA-9DC8-55E620233807}.Release|Any CPU.Build.0 = Release|Any CPU
		{6E000875-7563-4983-A64D-F270D3EC2A17}.Debug|Any CPU.ActiveCfg = Debug|Any CPU
		{6E000875-7563-4983-A64D-F270D3EC2A17}.Debug|Any CPU.Build.0 = Debug|Any CPU
		{6E000875-7563-4983-A64D-F270D3EC2A17}.Release|Any CPU.ActiveCfg = Release|Any CPU
		{6E000875-7563-4983-A64D-F270D3EC2A17}.Release|Any CPU.Build.0 = Release|Any CPU
		{E6241903-54B8-42A9-BD55-052F1D1B35FD}.Debug|Any CPU.ActiveCfg = Debug|Any CPU
		{E6241903-54B8-42A9-BD55-052F1D1B35FD}.Debug|Any CPU.Build.0 = Debug|Any CPU
		{E6241903-54B8-42A9-BD55-052F1D1B35FD}.Release|Any CPU.ActiveCfg = Release|Any CPU
		{E6241903-54B8-42A9-BD55-052F1D1B35FD}.Release|Any CPU.Build.0 = Release|Any CPU
		{CE8BFA92-E7F4-48DD-A548-9569ED587A51}.Debug|Any CPU.ActiveCfg = Debug|Any CPU
		{CE8BFA92-E7F4-48DD-A548-9569ED587A51}.Debug|Any CPU.Build.0 = Debug|Any CPU
		{CE8BFA92-E7F4-48DD-A548-9569ED587A51}.Release|Any CPU.ActiveCfg = Release|Any CPU
		{CE8BFA92-E7F4-48DD-A548-9569ED587A51}.Release|Any CPU.Build.0 = Release|Any CPU
		{98FB69EA-C92D-443A-9649-ADF837BC6AB2}.Debug|Any CPU.ActiveCfg = Debug|Any CPU
		{98FB69EA-C92D-443A-9649-ADF837BC6AB2}.Debug|Any CPU.Build.0 = Debug|Any CPU
		{98FB69EA-C92D-443A-9649-ADF837BC6AB2}.Release|Any CPU.ActiveCfg = Release|Any CPU
		{98FB69EA-C92D-443A-9649-ADF837BC6AB2}.Release|Any CPU.Build.0 = Release|Any CPU
	EndGlobalSection
	GlobalSection(SolutionProperties) = preSolution
		HideSolutionNode = FALSE
	EndGlobalSection
	GlobalSection(NestedProjects) = preSolution
		{5BDAF6C4-1471-4C20-B3EF-52E07023D63D} = {B4279383-2C6A-4302-BA63-68D496644360}
		{A583EA84-5964-4BBA-9DC8-55E620233807} = {B4279383-2C6A-4302-BA63-68D496644360}
		{6E000875-7563-4983-A64D-F270D3EC2A17} = {B4279383-2C6A-4302-BA63-68D496644360}
		{E6241903-54B8-42A9-BD55-052F1D1B35FD} = {C00C1886-E284-41C6-ACC4-76BC225C9178}
		{CE8BFA92-E7F4-48DD-A548-9569ED587A51} = {C00C1886-E284-41C6-ACC4-76BC225C9178}
		{98FB69EA-C92D-443A-9649-ADF837BC6AB2} = {C00C1886-E284-41C6-ACC4-76BC225C9178}
	EndGlobalSection
	GlobalSection(ExtensibilityGlobals) = postSolution
		SolutionGuid = {F686E206-FA27-4450-9506-1707B276FCF0}
	EndGlobalSection
EndGlobal
